
Microsoft Visual Studio Solution File, Format Version 12.00
# Visual Studio 15
Project("{FAE04EC0-301F-11D3-BF4B-00C04F79EFBC}") = "Assembly-CSharp", "Assembly-CSharp.csproj", "{C435538B-70EA-4B5C-D1F7-D884DB27EFBB}"
EndProject
Project("{FAE04EC0-301F-11D3-BF4B-00C04F79EFBC}") = "Assembly-CSharp-Editor", "Assembly-CSharp-Editor.csproj", "{2B7E78D8-2121-6FF5-503F-12EE8245B464}"
EndProject
Global
	GlobalSection(SolutionConfigurationPlatforms) = preSolution
		Debug|Any CPU = Debug|Any CPU
		Release|Any CPU = Release|Any CPU
	EndGlobalSection
	GlobalSection(ProjectConfigurationPlatforms) = postSolution
		{C435538B-70EA-4B5C-D1F7-D884DB27EFBB}.Debug|Any CPU.ActiveCfg = Debug|Any CPU
		{C435538B-70EA-4B5C-D1F7-D884DB27EFBB}.Debug|Any CPU.Build.0 = Debug|Any CPU
		{C435538B-70EA-4B5C-D1F7-D884DB27EFBB}.Release|Any CPU.ActiveCfg = Release|Any CPU
		{C435538B-70EA-4B5C-D1F7-D884DB27EFBB}.Release|Any CPU.Build.0 = Release|Any CPU
		{2B7E78D8-2121-6FF5-503F-12EE8245B464}.Debug|Any CPU.ActiveCfg = Debug|Any CPU
		{2B7E78D8-2121-6FF5-503F-12EE8245B464}.Debug|Any CPU.Build.0 = Debug|Any CPU
		{2B7E78D8-2121-6FF5-503F-12EE8245B464}.Release|Any CPU.ActiveCfg = Release|Any CPU
		{2B7E78D8-2121-6FF5-503F-12EE8245B464}.Release|Any CPU.Build.0 = Release|Any CPU
	EndGlobalSection
	GlobalSection(SolutionProperties) = preSolution
		HideSolutionNode = FALSE
	EndGlobalSection
EndGlobal
